# This file is autogenerated, do not edit; changes may be undone by the next 'dep ensure'.


[[projects]]
  name = "github.com/PuerkitoBio/goquery"
  packages = ["."]
  revision = "152b1a2c8f5d0340f658bb656032a39b94e52958"

[[projects]]
  name = "github.com/andybalholm/cascadia"
  packages = ["."]
  revision = "1c31af6f6c1a7b101ed05aacc7d8a738b43ae86e"

[[projects]]
  name = "github.com/andygrunwald/go-jira"
  packages = ["."]
  revision = "ae45380959ecd26b9c0adcae4c194b7e2253e214"

[[projects]]
  name = "github.com/beorn7/perks"
  packages = ["quantile"]
  revision = "4c0e84591b9aa9e6dcfdf3e020114cd81f89d5f9"

[[projects]]
  name = "github.com/dghubble/oauth1"
  packages = ["."]
  revision = "b61f9f49ca0b822c9c681186ce83bed924c98e56"

[[projects]]
  name = "github.com/die-net/lrucache"
  packages = ["."]
  revision = "0e55cff0d6054f900b91c0b5355fe6a6966fad4b"

[[projects]]
  name = "github.com/golang/protobuf"
  packages = ["proto"]
  revision = "98fa357170587e470c5f27d3c3ea0947b71eb455"

[[projects]]
  name = "github.com/google/go-github"
  packages = ["github"]
  revision = "b5e5babef39c18002f177a134fc49dc5013374ba"

[[projects]]
  name = "github.com/google/go-querystring"
  packages = ["query"]
  revision = "9235644dd9e52eeae6fa48efd539fdc351a0af53"

[[projects]]
  name = "github.com/gregjones/httpcache"
  packages = ["."]
  revision = "d02018f006d98f58512bf3adfc171d88d17626df"

[[projects]]
  name = "github.com/jaytaylor/html2text"
  packages = ["."]
  revision = "24f9b0f63599c6bbecc3b773636b54f8d302db67"

[[projects]]
  name = "github.com/matrix-org/dugong"
  packages = ["."]
  revision = "c1a93e636df633e6d4c11b738fd25329979b99c2"

[[projects]]
  name = "github.com/matrix-org/gomatrix"
  packages = ["."]
  revision = "eb6a57bae949723df0d4947a03d4136a1f64b784"

[[projects]]
  branch = "master"
  name = "github.com/matrix-org/util"
  packages = ["."]
  revision = "2e2df66af2f5dcf30843b5793134a0f0ce9338c6"

[[projects]]
  name = "github.com/mattn/go-shellwords"
  packages = ["."]
  revision = "525bedee691b5a8df547cb5cf9f86b7fb1883e24"

[[projects]]
  name = "github.com/mattn/go-sqlite3"
  packages = ["."]
  revision = "e5a3c16c5c1d80b24f633e68aecd6b0702786d3d"

[[projects]]
  name = "github.com/matttproud/golang_protobuf_extensions"
  packages = ["pbutil"]
  revision = "c12348ce28de40eed0136aa2b644d0ee0650e56c"
  version = "v1.0.1"

[[projects]]
  name = "github.com/mmcdole/gofeed"
  packages = [
    ".",
    "atom",
    "extensions",
    "internal/shared",
    "rss"
  ]
  revision = "1bc2cbeba25b7b594430cff43d7c9e9367cfdca0"

[[projects]]
  name = "github.com/mmcdole/goxpp"
  packages = ["."]
  revision = "e38884aa48c1952a416ba35f3c276e4f02f9b40e"

[[projects]]
  name = "github.com/prometheus/client_golang"
  packages = ["prometheus"]
  revision = "5636dc67ae776adf5590da7349e70fbb9559972d"

[[projects]]
  name = "github.com/prometheus/client_model"
  packages = ["go"]
  revision = "fa8ad6fec33561be4280a8f0514318c79d7f6cb6"

[[projects]]
  name = "github.com/prometheus/common"
  packages = [
    "expfmt",
    "internal/bitbucket.org/ww/goautoneg",
    "model"
  ]
  revision = "85637ea67b04b5c3bb25e671dacded2977f8f9f6"

[[projects]]
  name = "github.com/prometheus/procfs"
  packages = ["."]
  revision = "abf152e5f3e97f2fafac028d2cc06c1feb87ffa5"

[[projects]]
  name = "github.com/russross/blackfriday"
  packages = ["."]
  revision = "35eb537633d9950afc8ae7bdf0edb6134584e9fc"

[[projects]]
  name = "github.com/shurcooL/sanitized_anchor_name"
  packages = ["."]
  revision = "10ef21a441db47d8b13ebcc5fd2310f636973c77"

[[projects]]
  name = "github.com/sirupsen/logrus"
  packages = ["."]
  revision = "a283a10442df8dc09befd873fab202bf8a253d6a"

[[projects]]
  name = "golang.org/x/net"
  packages = [
    "context",
    "html",
    "html/atom",
    "html/charset"
  ]
  revision = "6a513affb38dc9788b449d59ffed099b8de18fa0"

[[projects]]
  name = "golang.org/x/oauth2"
  packages = [
    ".",
    "internal"
  ]
  revision = "1364adb2c63445016c5ed4518fc71f6a3cda6169"

[[projects]]
  branch = "master"
  name = "golang.org/x/sys"
  packages = ["unix"]
  revision = "ce36f3865eeb42541ce3f87f32f8462c5687befa"

[[projects]]
  name = "golang.org/x/text"
  packages = [
    "encoding",
    "encoding/charmap",
    "encoding/htmlindex",
    "encoding/internal",
    "encoding/internal/identifier",
    "encoding/japanese",
    "encoding/korean",
    "encoding/simplifiedchinese",
    "encoding/traditionalchinese",
    "encoding/unicode",
    "internal/gen",
    "internal/tag",
    "internal/utf8internal",
    "language",
    "runes",
    "transform",
    "unicode/cldr"
  ]
  revision = "a7c023693a94aedd6b6df43ae7526bfe9d2b7d22"

[[projects]]
  name = "google.golang.org/appengine"
  packages = [
    "internal",
    "internal/base",
    "internal/datastore",
    "internal/log",
    "internal/remote_api",
    "internal/urlfetch",
    "urlfetch"
  ]
  revision = "b1f26356af11148e710935ed1ac8a7f5702c7612"
  version = "v1.1.0"

[[projects]]
  branch = "v2"
  name = "gopkg.in/yaml.v2"
  packages = ["."]
  revision = "a5b47d31c556af34a302ce5d659e6fea44d90de0"

[solve-meta]
  analyzer-name = "dep"
  analyzer-version = 1
  inputs-digest = "41cf80d18fe9705afc09ed1073e938337087721ee1c6d642b676d6091f513355"
  solver-name = "gps-cdcl"
  solver-version = 1
